langcode: en
status: true
dependencies:
  module:
    - metsis_basket
  theme:
    - metsis
id: metsis_metsisbasketblock
theme: metsis
region: sidebar_first
weight: -18
provider: null
plugin: metsis_basket_block
settings:
  id: metsis_basket_block
  label: 'METSIS Basket Block'
  provider: metsis_basket
  label_display: '0'
visibility: {  }
